
Microsoft Visual Studio Solution File, Format Version 12.00
# Visual Studio 15
VisualStudioVersion = 15.0.25807.0
MinimumVisualStudioVersion = 10.0.40219.1
Project("{2150E333-8FDC-42A3-9474-1A3956D46DE8}") = "Engine", "Engine", "{31D6E694-C7B2-4871-8E73-FF8DFA84B123}"
EndProject
Project("{2150E333-8FDC-42A3-9474-1A3956D46DE8}") = "Games", "Games", "{CD9ABB49-9924-43EF-99C7-45DE69258C1C}"
EndProject
Project("{8BC9CEB8-8B4A-11D0-8D11-00A0C91BC942}") = "UE4", "Intermediate\ProjectFiles\UE4.vcxproj", "{38F6C999-99B2-4151-AB59-151CEC9EDB90}"
EndProject
Project("{8BC9CEB8-8B4A-11D0-8D11-00A0C91BC942}") = "PacMan", "Intermediate\ProjectFiles\PacMan.vcxproj", "{E92CEFA4-3A7A-458C-A9DE-F2AD387C4DDE}"
EndProject
Project("{2150E333-8FDC-42A3-9474-1A3956D46DE8}") = "Visualizers", "Visualizers", "{04B53606-9DE0-4893-BC08-49C582782474}"
	ProjectSection(SolutionItems) = preProject
		..\..\..\..\Program Files\Epic Games\UE_4.23\Engine\Extras\VisualStudioDebugging\UE4.natvis = ..\..\..\..\Program Files\Epic Games\UE_4.23\Engine\Extras\VisualStudioDebugging\UE4.natvis
	EndProjectSection
EndProject
Global
	GlobalSection(SolutionConfigurationPlatforms) = preSolution
		DebugGame Editor|HTML5 = DebugGame Editor|HTML5
		DebugGame Editor|Win32 = DebugGame Editor|Win32
		DebugGame Editor|Win64 = DebugGame Editor|Win64
		DebugGame|HTML5 = DebugGame|HTML5
		DebugGame|Win32 = DebugGame|Win32
		DebugGame|Win64 = DebugGame|Win64
		Development Editor|HTML5 = Development Editor|HTML5
		Development Editor|Win32 = Development Editor|Win32
		Development Editor|Win64 = Development Editor|Win64
		Development|HTML5 = Development|HTML5
		Development|Win32 = Development|Win32
		Development|Win64 = Development|Win64
		Shipping|HTML5 = Shipping|HTML5
		Shipping|Win32 = Shipping|Win32
		Shipping|Win64 = Shipping|Win64
	EndGlobalSection
	GlobalSection(ProjectConfigurationPlatforms) = postSolution
		{38F6C999-99B2-4151-AB59-151CEC9EDB90}.DebugGame Editor|HTML5.ActiveCfg = BuiltWithUnrealBuildTool|Win32
		{38F6C999-99B2-4151-AB59-151CEC9EDB90}.DebugGame Editor|Win32.ActiveCfg = BuiltWithUnrealBuildTool|Win32
		{38F6C999-99B2-4151-AB59-151CEC9EDB90}.DebugGame Editor|Win64.ActiveCfg = BuiltWithUnrealBuildTool|Win32
		{38F6C999-99B2-4151-AB59-151CEC9EDB90}.DebugGame|HTML5.ActiveCfg = BuiltWithUnrealBuildTool|Win32
		{38F6C999-99B2-4151-AB59-151CEC9EDB90}.DebugGame|Win32.ActiveCfg = BuiltWithUnrealBuildTool|Win32
		{38F6C999-99B2-4151-AB59-151CEC9EDB90}.DebugGame|Win64.ActiveCfg = BuiltWithUnrealBuildTool|Win32
		{38F6C999-99B2-4151-AB59-151CEC9EDB90}.Development Editor|HTML5.ActiveCfg = BuiltWithUnrealBuildTool|Win32
		{38F6C999-99B2-4151-AB59-151CEC9EDB90}.Development Editor|Win32.ActiveCfg = BuiltWithUnrealBuildTool|Win32
		{38F6C999-99B2-4151-AB59-151CEC9EDB90}.Development Editor|Win64.ActiveCfg = BuiltWithUnrealBuildTool|Win32
		{38F6C999-99B2-4151-AB59-151CEC9EDB90}.Development|HTML5.ActiveCfg = BuiltWithUnrealBuildTool|Win32
		{38F6C999-99B2-4151-AB59-151CEC9EDB90}.Development|Win32.ActiveCfg = BuiltWithUnrealBuildTool|Win32
		{38F6C999-99B2-4151-AB59-151CEC9EDB90}.Development|Win64.ActiveCfg = BuiltWithUnrealBuildTool|Win32
		{38F6C999-99B2-4151-AB59-151CEC9EDB90}.Shipping|HTML5.ActiveCfg = BuiltWithUnrealBuildTool|Win32
		{38F6C999-99B2-4151-AB59-151CEC9EDB90}.Shipping|Win32.ActiveCfg = BuiltWithUnrealBuildTool|Win32
		{38F6C999-99B2-4151-AB59-151CEC9EDB90}.Shipping|Win64.ActiveCfg = BuiltWithUnrealBuildTool|Win32
		{E92CEFA4-3A7A-458C-A9DE-F2AD387C4DDE}.DebugGame Editor|HTML5.ActiveCfg = Invalid|Win32
		{E92CEFA4-3A7A-458C-A9DE-F2AD387C4DDE}.DebugGame Editor|Win32.ActiveCfg = Invalid|Win32
		{E92CEFA4-3A7A-458C-A9DE-F2AD387C4DDE}.DebugGame Editor|Win64.ActiveCfg = DebugGame_Editor|x64
		{E92CEFA4-3A7A-458C-A9DE-F2AD387C4DDE}.DebugGame Editor|Win64.Build.0 = DebugGame_Editor|x64
		{E92CEFA4-3A7A-458C-A9DE-F2AD387C4DDE}.DebugGame|HTML5.ActiveCfg = HTML5_DebugGame|Win32
		{E92CEFA4-3A7A-458C-A9DE-F2AD387C4DDE}.DebugGame|HTML5.Build.0 = HTML5_DebugGame|Win32
		{E92CEFA4-3A7A-458C-A9DE-F2AD387C4DDE}.DebugGame|Win32.ActiveCfg = DebugGame|Win32
		{E92CEFA4-3A7A-458C-A9DE-F2AD387C4DDE}.DebugGame|Win32.Build.0 = DebugGame|Win32
		{E92CEFA4-3A7A-458C-A9DE-F2AD387C4DDE}.DebugGame|Win64.ActiveCfg = DebugGame|x64
		{E92CEFA4-3A7A-458C-A9DE-F2AD387C4DDE}.DebugGame|Win64.Build.0 = DebugGame|x64
		{E92CEFA4-3A7A-458C-A9DE-F2AD387C4DDE}.Development Editor|HTML5.ActiveCfg = Invalid|Win32
		{E92CEFA4-3A7A-458C-A9DE-F2AD387C4DDE}.Development Editor|Win32.ActiveCfg = Invalid|Win32
		{E92CEFA4-3A7A-458C-A9DE-F2AD387C4DDE}.Development Editor|Win64.ActiveCfg = Development_Editor|x64
		{E92CEFA4-3A7A-458C-A9DE-F2AD387C4DDE}.Development Editor|Win64.Build.0 = Development_Editor|x64
		{E92CEFA4-3A7A-458C-A9DE-F2AD387C4DDE}.Development|HTML5.ActiveCfg = HTML5_Development|Win32
		{E92CEFA4-3A7A-458C-A9DE-F2AD387C4DDE}.Development|HTML5.Build.0 = HTML5_Development|Win32
		{E92CEFA4-3A7A-458C-A9DE-F2AD387C4DDE}.Development|Win32.ActiveCfg = Development|Win32
		{E92CEFA4-3A7A-458C-A9DE-F2AD387C4DDE}.Development|Win32.Build.0 = Development|Win32
		{E92CEFA4-3A7A-458C-A9DE-F2AD387C4DDE}.Development|Win64.ActiveCfg = Development|x64
		{E92CEFA4-3A7A-458C-A9DE-F2AD387C4DDE}.Development|Win64.Build.0 = Development|x64
		{E92CEFA4-3A7A-458C-A9DE-F2AD387C4DDE}.Shipping|HTML5.ActiveCfg = HTML5_Shipping|Win32
		{E92CEFA4-3A7A-458C-A9DE-F2AD387C4DDE}.Shipping|HTML5.Build.0 = HTML5_Shipping|Win32
		{E92CEFA4-3A7A-458C-A9DE-F2AD387C4DDE}.Shipping|Win32.ActiveCfg = Shipping|Win32
		{E92CEFA4-3A7A-458C-A9DE-F2AD387C4DDE}.Shipping|Win32.Build.0 = Shipping|Win32
		{E92CEFA4-3A7A-458C-A9DE-F2AD387C4DDE}.Shipping|Win64.ActiveCfg = Shipping|x64
		{E92CEFA4-3A7A-458C-A9DE-F2AD387C4DDE}.Shipping|Win64.Build.0 = Shipping|x64
	EndGlobalSection
	GlobalSection(SolutionProperties) = preSolution
		HideSolutionNode = FALSE
	EndGlobalSection
	GlobalSection(NestedProjects) = preSolution
		{38F6C999-99B2-4151-AB59-151CEC9EDB90} = {31D6E694-C7B2-4871-8E73-FF8DFA84B123}
		{E92CEFA4-3A7A-458C-A9DE-F2AD387C4DDE} = {CD9ABB49-9924-43EF-99C7-45DE69258C1C}
	EndGlobalSection
EndGlobal
